# Generated by buf. DO NOT EDIT.
version: v2
deps:
  - name: buf.build/bufbuild/protovalidate
    commit: 50325440f8f24053b047484a6bf60b76
    digest: b5:74cb6f5c0853c3c10aafc701614194bbd63326bdb8ef4068214454b8894b03ba4113e04b3a33a8321cdf05336e37db4dc14a5e2495db8462566914f36086ba31
  - name: buf.build/funinthecloud/protosource
    commit: 7f842db2c68744f49335bf9695eeccb0
    digest: b5:a83c16ab1c4159276055a013bc532e77bded542cd21f9beda9179758ba732bb1d99ee30ca583eebdd48636a2ca5faa510123aa9f012b43133adb3538d551e177
