# Generated by buf. DO NOT EDIT.
version: v2
deps:
  - name: buf.build/bufbuild/protovalidate
    commit: 80ab13bee0bf4272b6161a72bf7034e0
    digest: b5:1aa6a965be5d02d64e1d81954fa2e78ef9d1e33a0c30f92bc2626039006a94deb3a5b05f14ed8893f5c3ffce444ac008f7e968188ad225c4c29c813aa5f2daa1
  - name: buf.build/funinthecloud/protosource
    commit: 40cbb8d96ebe4ad3a0e0919a5977b14c
    digest: b5:098c6539278cebe5abe97d6a13394ff7480c1a29e079f8d86d1cb1f84d05051b90df33af3b17db74fbb88323d5d246111741e1109cd06b7c0e34415d9f83702c
